
Microsoft Visual Studio Solution File, Format Version 12.00
# Visual Studio 2015
Project("{FAE04EC0-301F-11D3-BF4B-00C04F79EFBC}") = "Bounced.CSharp.Plugins", "Bounced.CSharp.Plugins.csproj", "{510B0934-5FCC-1A5B-205E-0D5A472D12B7}"
EndProject
Project("{FAE04EC0-301F-11D3-BF4B-00C04F79EFBC}") = "Bounced.CSharp", "Bounced.CSharp.csproj", "{873367C4-AAD8-6DC3-72D1-BD17A18F6677}"
EndProject
Project("{FAE04EC0-301F-11D3-BF4B-00C04F79EFBC}") = "Bounced.CSharp.Editor", "Bounced.CSharp.Editor.csproj", "{A9390ED3-BACC-6F4F-9A77-42BFFE2C8A52}"
EndProject
Global
	GlobalSection(SolutionConfigurationPlatforms) = preSolution
		Debug|Any CPU = Debug|Any CPU
		Release|Any CPU = Release|Any CPU
	EndGlobalSection
	GlobalSection(ProjectConfigurationPlatforms) = postSolution
		{510B0934-5FCC-1A5B-205E-0D5A472D12B7}.Debug|Any CPU.ActiveCfg = Debug|Any CPU
		{510B0934-5FCC-1A5B-205E-0D5A472D12B7}.Debug|Any CPU.Build.0 = Debug|Any CPU
		{510B0934-5FCC-1A5B-205E-0D5A472D12B7}.Release|Any CPU.ActiveCfg = Release|Any CPU
		{510B0934-5FCC-1A5B-205E-0D5A472D12B7}.Release|Any CPU.Build.0 = Release|Any CPU
		{873367C4-AAD8-6DC3-72D1-BD17A18F6677}.Debug|Any CPU.ActiveCfg = Debug|Any CPU
		{873367C4-AAD8-6DC3-72D1-BD17A18F6677}.Debug|Any CPU.Build.0 = Debug|Any CPU
		{873367C4-AAD8-6DC3-72D1-BD17A18F6677}.Release|Any CPU.ActiveCfg = Release|Any CPU
		{873367C4-AAD8-6DC3-72D1-BD17A18F6677}.Release|Any CPU.Build.0 = Release|Any CPU
		{A9390ED3-BACC-6F4F-9A77-42BFFE2C8A52}.Debug|Any CPU.ActiveCfg = Debug|Any CPU
		{A9390ED3-BACC-6F4F-9A77-42BFFE2C8A52}.Debug|Any CPU.Build.0 = Debug|Any CPU
		{A9390ED3-BACC-6F4F-9A77-42BFFE2C8A52}.Release|Any CPU.ActiveCfg = Release|Any CPU
		{A9390ED3-BACC-6F4F-9A77-42BFFE2C8A52}.Release|Any CPU.Build.0 = Release|Any CPU
	EndGlobalSection
	GlobalSection(SolutionProperties) = preSolution
		HideSolutionNode = FALSE
	EndGlobalSection
EndGlobal
